
Microsoft Visual Studio Solution File, Format Version 12.00
# Visual Studio Version 16
VisualStudioVersion = 16.0.31624.102
MinimumVisualStudioVersion = 10.0.40219.1
Project("{FAE04EC0-301F-11D3-BF4B-00C04F79EFBC}") = "OfferRedeemBot", "OfferRedeemBot\OfferRedeemBot.csproj", "{6B1D232B-7FDE-4203-8C04-A66DD91F8994}"
EndProject
Global
	GlobalSection(SolutionConfigurationPlatforms) = preSolution
		Debug|Any CPU = Debug|Any CPU
		Release|Any CPU = Release|Any CPU
	EndGlobalSection
	GlobalSection(ProjectConfigurationPlatforms) = postSolution
		{6B1D232B-7FDE-4203-8C04-A66DD91F8994}.Debug|Any CPU.ActiveCfg = Debug|Any CPU
		{6B1D232B-7FDE-4203-8C04-A66DD91F8994}.Debug|Any CPU.Build.0 = Debug|Any CPU
		{6B1D232B-7FDE-4203-8C04-A66DD91F8994}.Release|Any CPU.ActiveCfg = Release|Any CPU
		{6B1D232B-7FDE-4203-8C04-A66DD91F8994}.Release|Any CPU.Build.0 = Release|Any CPU
	EndGlobalSection
	GlobalSection(SolutionProperties) = preSolution
		HideSolutionNode = FALSE
	EndGlobalSection
	GlobalSection(ExtensibilityGlobals) = postSolution
		SolutionGuid = {EF9D4383-8B62-4F89-8894-02E07C790A67}
	EndGlobalSection
EndGlobal
